
Microsoft Visual Studio Solution File, Format Version 12.00
# Visual Studio Version 17
VisualStudioVersion = 17.0.31903.59
MinimumVisualStudioVersion = 10.0.40219.1
Project("{2150E333-8FDC-42A3-9474-1A3956D46DE8}") = "src", "src", "{372FCFB7-E41C-4BB5-8239-1939ADECA344}"
	ProjectSection(SolutionItems) = preProject
		src\Tasks.txt = src\Tasks.txt
	EndProjectSection
EndProject
Project("{FAE04EC0-301F-11D3-BF4B-00C04F79EFBC}") = "FileUtilitiesXT.Tests", "src\FileUtilitiesXT.Tests\FileUtilitiesXT.Tests.csproj", "{6A8C8427-3C43-4990-B417-D4CD1B7714A7}"
EndProject
Project("{FAE04EC0-301F-11D3-BF4B-00C04F79EFBC}") = "DebugToolsForFileUtilitiesXT", "src\DebugToolsForFileUtilitiesXT\DebugToolsForFileUtilitiesXT.csproj", "{A93EFB2E-123A-4CC7-8755-D9CC9CFDF9D9}"
EndProject
Project("{FAE04EC0-301F-11D3-BF4B-00C04F79EFBC}") = "FileUtilitiesXT", "src\FileUtilitiesXT\FileUtilitiesXT.csproj", "{2AF2686B-C0B2-4870-9903-B2742EFA9F46}"
EndProject
Project("{FAE04EC0-301F-11D3-BF4B-00C04F79EFBC}") = "Demo_FileUtilitiesXT", "src\Demo_FileUtilitiesXT\Demo_FileUtilitiesXT.csproj", "{E02C3807-C4C7-4D1A-B455-91FCBEB28837}"
EndProject
Project("{FAE04EC0-301F-11D3-BF4B-00C04F79EFBC}") = "FileUtilitiesXT472.Tests", "FileUtilitiesXT472.Tests\FileUtilitiesXT472.Tests.csproj", "{B402290E-8E55-453B-9F24-DA06818BA756}"
EndProject
Project("{FAE04EC0-301F-11D3-BF4B-00C04F79EFBC}") = "Demo472", "Demo472\Demo472.csproj", "{39DC6A3C-37DD-4235-B812-520459F4618E}"
EndProject
Global
	GlobalSection(SolutionConfigurationPlatforms) = preSolution
		Debug|Any CPU = Debug|Any CPU
		Release|Any CPU = Release|Any CPU
	EndGlobalSection
	GlobalSection(SolutionProperties) = preSolution
		HideSolutionNode = FALSE
	EndGlobalSection
	GlobalSection(ProjectConfigurationPlatforms) = postSolution
		{6A8C8427-3C43-4990-B417-D4CD1B7714A7}.Debug|Any CPU.ActiveCfg = Debug|Any CPU
		{6A8C8427-3C43-4990-B417-D4CD1B7714A7}.Debug|Any CPU.Build.0 = Debug|Any CPU
		{6A8C8427-3C43-4990-B417-D4CD1B7714A7}.Release|Any CPU.ActiveCfg = Release|Any CPU
		{6A8C8427-3C43-4990-B417-D4CD1B7714A7}.Release|Any CPU.Build.0 = Release|Any CPU
		{A93EFB2E-123A-4CC7-8755-D9CC9CFDF9D9}.Debug|Any CPU.ActiveCfg = Debug|Any CPU
		{A93EFB2E-123A-4CC7-8755-D9CC9CFDF9D9}.Debug|Any CPU.Build.0 = Debug|Any CPU
		{A93EFB2E-123A-4CC7-8755-D9CC9CFDF9D9}.Release|Any CPU.ActiveCfg = Release|Any CPU
		{A93EFB2E-123A-4CC7-8755-D9CC9CFDF9D9}.Release|Any CPU.Build.0 = Release|Any CPU
		{2AF2686B-C0B2-4870-9903-B2742EFA9F46}.Debug|Any CPU.ActiveCfg = Debug|Any CPU
		{2AF2686B-C0B2-4870-9903-B2742EFA9F46}.Debug|Any CPU.Build.0 = Debug|Any CPU
		{2AF2686B-C0B2-4870-9903-B2742EFA9F46}.Release|Any CPU.ActiveCfg = Release|Any CPU
		{2AF2686B-C0B2-4870-9903-B2742EFA9F46}.Release|Any CPU.Build.0 = Release|Any CPU
		{E02C3807-C4C7-4D1A-B455-91FCBEB28837}.Debug|Any CPU.ActiveCfg = Debug|Any CPU
		{E02C3807-C4C7-4D1A-B455-91FCBEB28837}.Debug|Any CPU.Build.0 = Debug|Any CPU
		{E02C3807-C4C7-4D1A-B455-91FCBEB28837}.Release|Any CPU.ActiveCfg = Release|Any CPU
		{E02C3807-C4C7-4D1A-B455-91FCBEB28837}.Release|Any CPU.Build.0 = Release|Any CPU
		{B402290E-8E55-453B-9F24-DA06818BA756}.Debug|Any CPU.ActiveCfg = Debug|Any CPU
		{B402290E-8E55-453B-9F24-DA06818BA756}.Debug|Any CPU.Build.0 = Debug|Any CPU
		{B402290E-8E55-453B-9F24-DA06818BA756}.Release|Any CPU.ActiveCfg = Release|Any CPU
		{B402290E-8E55-453B-9F24-DA06818BA756}.Release|Any CPU.Build.0 = Release|Any CPU
		{39DC6A3C-37DD-4235-B812-520459F4618E}.Debug|Any CPU.ActiveCfg = Debug|Any CPU
		{39DC6A3C-37DD-4235-B812-520459F4618E}.Debug|Any CPU.Build.0 = Debug|Any CPU
		{39DC6A3C-37DD-4235-B812-520459F4618E}.Release|Any CPU.ActiveCfg = Release|Any CPU
		{39DC6A3C-37DD-4235-B812-520459F4618E}.Release|Any CPU.Build.0 = Release|Any CPU
	EndGlobalSection
	GlobalSection(NestedProjects) = preSolution
		{6A8C8427-3C43-4990-B417-D4CD1B7714A7} = {372FCFB7-E41C-4BB5-8239-1939ADECA344}
	EndGlobalSection
EndGlobal
